
Microsoft Visual Studio Solution File, Format Version 12.00
# Visual Studio Version 16
VisualStudioVersion = 25.0.1704.1
MinimumVisualStudioVersion = 10.0.40219.1
Project("{2150E333-8FDC-42A3-9474-1A3956D46DE8}") = "Solution Items", "Solution Items", "{142024C0-2272-410D-B0FB-D21EBFCDECC2}"
	ProjectSection(SolutionItems) = preProject
		README.md = README.md
		docs\index.md = docs\index.md
		mkdocs.yml = mkdocs.yml
		catalog-info.yaml = catalog-info.yaml
	EndProjectSection
EndProject
Project("{2150E333-8FDC-42A3-9474-1A3956D46DE8}") = "src", "src", "{664D0722-BCDE-4DC5-AE4A-0FDF2DE0C729}"
EndProject
Project("{2150E333-8FDC-42A3-9474-1A3956D46DE8}") = "test", "test", "{0A1D126D-60B5-433B-A24D-A794EB0DA271}"
EndProject
Project("{FAE04EC0-301F-11D3-BF4B-00C04F79EFBC}") = "Observability", "src\Observability.csproj", "{745021DC-4401-4BC7-980B-5BC27E399091}"
EndProject
Project("{FAE04EC0-301F-11D3-BF4B-00C04F79EFBC}") = "Observability.Tests", "test\Observability.Tests.csproj", "{C1A310D5-1DA7-4CB9-8E74-7E5C126A139B}"
EndProject
Global
	GlobalSection(SolutionConfigurationPlatforms) = preSolution
		Debug|Any CPU = Debug|Any CPU
		Release|Any CPU = Release|Any CPU
	EndGlobalSection
	GlobalSection(ProjectConfigurationPlatforms) = postSolution
		{745021DC-4401-4BC7-980B-5BC27E399091}.Debug|Any CPU.ActiveCfg = Debug|Any CPU
		{745021DC-4401-4BC7-980B-5BC27E399091}.Debug|Any CPU.Build.0 = Debug|Any CPU
		{745021DC-4401-4BC7-980B-5BC27E399091}.Release|Any CPU.ActiveCfg = Release|Any CPU
		{745021DC-4401-4BC7-980B-5BC27E399091}.Release|Any CPU.Build.0 = Release|Any CPU
		{C1A310D5-1DA7-4CB9-8E74-7E5C126A139B}.Debug|Any CPU.ActiveCfg = Debug|Any CPU
		{C1A310D5-1DA7-4CB9-8E74-7E5C126A139B}.Debug|Any CPU.Build.0 = Debug|Any CPU
		{C1A310D5-1DA7-4CB9-8E74-7E5C126A139B}.Release|Any CPU.ActiveCfg = Release|Any CPU
		{C1A310D5-1DA7-4CB9-8E74-7E5C126A139B}.Release|Any CPU.Build.0 = Release|Any CPU
	EndGlobalSection
	GlobalSection(SolutionProperties) = preSolution
		HideSolutionNode = FALSE
	EndGlobalSection
	GlobalSection(NestedProjects) = preSolution
		{745021DC-4401-4BC7-980B-5BC27E399091} = {664D0722-BCDE-4DC5-AE4A-0FDF2DE0C729}
		{C1A310D5-1DA7-4CB9-8E74-7E5C126A139B} = {0A1D126D-60B5-433B-A24D-A794EB0DA271}
	EndGlobalSection
EndGlobal
